
Microsoft Visual Studio Solution File, Format Version 12.00
# Visual Studio Version 16
VisualStudioVersion = 16.0.29609.76
MinimumVisualStudioVersion = 10.0.40219.1
Project("{9A19103F-16F7-4668-BE54-9A1E7A4F7556}") = "WpfWindowsLib", "WpfWindowsLib\WpfWindowsLib.csproj", "{B537826C-C790-49D4-B5C6-39287D8603AA}"
EndProject
Project("{FAE04EC0-301F-11D3-BF4B-00C04F79EFBC}") = "SampleApp", "SampleApp\SampleApp.csproj", "{BA1AC3F4-5800-4CCC-AE0B-4B4071D4ADA9}"
EndProject
Global
	GlobalSection(SolutionConfigurationPlatforms) = preSolution
		Debug|Any CPU = Debug|Any CPU
		Release|Any CPU = Release|Any CPU
	EndGlobalSection
	GlobalSection(ProjectConfigurationPlatforms) = postSolution
		{B537826C-C790-49D4-B5C6-39287D8603AA}.Debug|Any CPU.ActiveCfg = Debug|Any CPU
		{B537826C-C790-49D4-B5C6-39287D8603AA}.Debug|Any CPU.Build.0 = Debug|Any CPU
		{B537826C-C790-49D4-B5C6-39287D8603AA}.Release|Any CPU.ActiveCfg = Release|Any CPU
		{B537826C-C790-49D4-B5C6-39287D8603AA}.Release|Any CPU.Build.0 = Release|Any CPU
		{BA1AC3F4-5800-4CCC-AE0B-4B4071D4ADA9}.Debug|Any CPU.ActiveCfg = Debug|Any CPU
		{BA1AC3F4-5800-4CCC-AE0B-4B4071D4ADA9}.Debug|Any CPU.Build.0 = Debug|Any CPU
		{BA1AC3F4-5800-4CCC-AE0B-4B4071D4ADA9}.Release|Any CPU.ActiveCfg = Release|Any CPU
		{BA1AC3F4-5800-4CCC-AE0B-4B4071D4ADA9}.Release|Any CPU.Build.0 = Release|Any CPU
	EndGlobalSection
	GlobalSection(SolutionProperties) = preSolution
		HideSolutionNode = FALSE
	EndGlobalSection
	GlobalSection(ExtensibilityGlobals) = postSolution
		SolutionGuid = {A21824C9-D329-45B3-9038-39C42D1F0402}
	EndGlobalSection
EndGlobal
