
Microsoft Visual Studio Solution File, Format Version 12.00
# Visual Studio Version 16
VisualStudioVersion = 16.0.29609.76
MinimumVisualStudioVersion = 10.0.40219.1
Project("{9A19103F-16F7-4668-BE54-9A1E7A4F7556}") = "WpfWindowsLib", "WpfWindowsLib\WpfWindowsLib.csproj", "{B537826C-C790-49D4-B5C6-39287D8603AA}"
EndProject
Project("{2150E333-8FDC-42A3-9474-1A3956D46DE8}") = "Solution Items", "Solution Items", "{EFEF8C43-1A05-4AC8-A7E0-01BEA5E3DABB}"
	ProjectSection(SolutionItems) = preProject
		CannotClose.png = CannotClose.png
		COPYING.txt = COPYING.txt
		Design.pptx = Design.pptx
		EmailError.png = EmailError.png
		EmailSample.png = EmailSample.png
		IntSample1.png = IntSample1.png
		IntSample2.png = IntSample2.png
		IntSample3.png = IntSample3.png
		IntSample4.png = IntSample4.png
		IntSample5.png = IntSample5.png
		IntSample6.png = IntSample6.png
		PhoneSample.png = PhoneSample.png
		README.md = README.md
		Samples.png = Samples.png
		SmallSample.png = SmallSample.png
		UnderTheHood.png = UnderTheHood.png
	EndProjectSection
EndProject
Project("{9A19103F-16F7-4668-BE54-9A1E7A4F7556}") = "WpfWindowsLibTest", "WpfWindowsLibTest\WpfWindowsLibTest.csproj", "{DAADBAE8-38FA-4F94-8E3F-7DCF81A785ED}"
EndProject
Project("{9A19103F-16F7-4668-BE54-9A1E7A4F7556}") = "Samples", "Samples\Samples.csproj", "{9729E88C-59FC-4C76-B4C0-F1533216D76D}"
EndProject
Project("{9A19103F-16F7-4668-BE54-9A1E7A4F7556}") = "TestVisibility", "TestVisibility\TestVisibility.csproj", "{1FDFF65D-78A0-4679-9E4F-BE26768AABCF}"
EndProject
Project("{FAE04EC0-301F-11D3-BF4B-00C04F79EFBC}") = "WpfWindowsHelperLib", "WpfWindowsHelperLib\WpfWindowsHelperLib.csproj", "{5952D9F5-4916-430D-B119-CA05EF4C19E4}"
EndProject
Global
	GlobalSection(SolutionConfigurationPlatforms) = preSolution
		Debug|Any CPU = Debug|Any CPU
		Release|Any CPU = Release|Any CPU
	EndGlobalSection
	GlobalSection(ProjectConfigurationPlatforms) = postSolution
		{B537826C-C790-49D4-B5C6-39287D8603AA}.Debug|Any CPU.ActiveCfg = Debug|Any CPU
		{B537826C-C790-49D4-B5C6-39287D8603AA}.Debug|Any CPU.Build.0 = Debug|Any CPU
		{B537826C-C790-49D4-B5C6-39287D8603AA}.Release|Any CPU.ActiveCfg = Release|Any CPU
		{B537826C-C790-49D4-B5C6-39287D8603AA}.Release|Any CPU.Build.0 = Release|Any CPU
		{DAADBAE8-38FA-4F94-8E3F-7DCF81A785ED}.Debug|Any CPU.ActiveCfg = Debug|Any CPU
		{DAADBAE8-38FA-4F94-8E3F-7DCF81A785ED}.Debug|Any CPU.Build.0 = Debug|Any CPU
		{DAADBAE8-38FA-4F94-8E3F-7DCF81A785ED}.Release|Any CPU.ActiveCfg = Release|Any CPU
		{DAADBAE8-38FA-4F94-8E3F-7DCF81A785ED}.Release|Any CPU.Build.0 = Release|Any CPU
		{9729E88C-59FC-4C76-B4C0-F1533216D76D}.Debug|Any CPU.ActiveCfg = Debug|Any CPU
		{9729E88C-59FC-4C76-B4C0-F1533216D76D}.Debug|Any CPU.Build.0 = Debug|Any CPU
		{9729E88C-59FC-4C76-B4C0-F1533216D76D}.Release|Any CPU.ActiveCfg = Release|Any CPU
		{9729E88C-59FC-4C76-B4C0-F1533216D76D}.Release|Any CPU.Build.0 = Release|Any CPU
		{1FDFF65D-78A0-4679-9E4F-BE26768AABCF}.Debug|Any CPU.ActiveCfg = Debug|Any CPU
		{1FDFF65D-78A0-4679-9E4F-BE26768AABCF}.Debug|Any CPU.Build.0 = Debug|Any CPU
		{1FDFF65D-78A0-4679-9E4F-BE26768AABCF}.Release|Any CPU.ActiveCfg = Release|Any CPU
		{1FDFF65D-78A0-4679-9E4F-BE26768AABCF}.Release|Any CPU.Build.0 = Release|Any CPU
		{5952D9F5-4916-430D-B119-CA05EF4C19E4}.Debug|Any CPU.ActiveCfg = Debug|Any CPU
		{5952D9F5-4916-430D-B119-CA05EF4C19E4}.Debug|Any CPU.Build.0 = Debug|Any CPU
		{5952D9F5-4916-430D-B119-CA05EF4C19E4}.Release|Any CPU.ActiveCfg = Release|Any CPU
		{5952D9F5-4916-430D-B119-CA05EF4C19E4}.Release|Any CPU.Build.0 = Release|Any CPU
	EndGlobalSection
	GlobalSection(SolutionProperties) = preSolution
		HideSolutionNode = FALSE
	EndGlobalSection
	GlobalSection(ExtensibilityGlobals) = postSolution
		SolutionGuid = {A21824C9-D329-45B3-9038-39C42D1F0402}
	EndGlobalSection
EndGlobal
